
Microsoft Visual Studio Solution File, Format Version 12.00
# Visual Studio Version 17
VisualStudioVersion = 17.13.35825.156 d17.13
MinimumVisualStudioVersion = 10.0.40219.1
Project("{FAE04EC0-301F-11D3-BF4B-00C04F79EFBC}") = "NLayer_2251050045", "NLayer_2251050045\NLayer_2251050045.csproj", "{F68E31A0-F5B0-4C06-9407-7CC883E41998}"
EndProject
Project("{FAE04EC0-301F-11D3-BF4B-00C04F79EFBC}") = "GUI_QuanLy", "GUI_QuanLy\GUI_QuanLy.csproj", "{B6769429-0F20-4D88-9D27-5AC319547FB6}"
EndProject
Project("{FAE04EC0-301F-11D3-BF4B-00C04F79EFBC}") = "BUS_QuanLy", "BUS_QuanLy\BUS_QuanLy.csproj", "{63C18986-138D-4AFE-A85B-C8FF0EDB3DA0}"
EndProject
Project("{FAE04EC0-301F-11D3-BF4B-00C04F79EFBC}") = "DAL_QuanLy", "DAL_QuanLy\DAL_QuanLy.csproj", "{1509AADC-121A-4679-9719-5B21D7B82E79}"
EndProject
Project("{FAE04EC0-301F-11D3-BF4B-00C04F79EFBC}") = "DTO_QuanLy", "DTO_QuanLy\DTO_QuanLy.csproj", "{7898C3E8-1DA7-48D6-A2CE-630517CCF5D2}"
EndProject
Global
	GlobalSection(SolutionConfigurationPlatforms) = preSolution
		Debug|Any CPU = Debug|Any CPU
		Release|Any CPU = Release|Any CPU
	EndGlobalSection
	GlobalSection(ProjectConfigurationPlatforms) = postSolution
		{F68E31A0-F5B0-4C06-9407-7CC883E41998}.Debug|Any CPU.ActiveCfg = Debug|Any CPU
		{F68E31A0-F5B0-4C06-9407-7CC883E41998}.Debug|Any CPU.Build.0 = Debug|Any CPU
		{F68E31A0-F5B0-4C06-9407-7CC883E41998}.Release|Any CPU.ActiveCfg = Release|Any CPU
		{F68E31A0-F5B0-4C06-9407-7CC883E41998}.Release|Any CPU.Build.0 = Release|Any CPU
		{B6769429-0F20-4D88-9D27-5AC319547FB6}.Debug|Any CPU.ActiveCfg = Debug|Any CPU
		{B6769429-0F20-4D88-9D27-5AC319547FB6}.Debug|Any CPU.Build.0 = Debug|Any CPU
		{B6769429-0F20-4D88-9D27-5AC319547FB6}.Release|Any CPU.ActiveCfg = Release|Any CPU
		{B6769429-0F20-4D88-9D27-5AC319547FB6}.Release|Any CPU.Build.0 = Release|Any CPU
		{63C18986-138D-4AFE-A85B-C8FF0EDB3DA0}.Debug|Any CPU.ActiveCfg = Debug|Any CPU
		{63C18986-138D-4AFE-A85B-C8FF0EDB3DA0}.Debug|Any CPU.Build.0 = Debug|Any CPU
		{63C18986-138D-4AFE-A85B-C8FF0EDB3DA0}.Release|Any CPU.ActiveCfg = Release|Any CPU
		{63C18986-138D-4AFE-A85B-C8FF0EDB3DA0}.Release|Any CPU.Build.0 = Release|Any CPU
		{1509AADC-121A-4679-9719-5B21D7B82E79}.Debug|Any CPU.ActiveCfg = Debug|Any CPU
		{1509AADC-121A-4679-9719-5B21D7B82E79}.Debug|Any CPU.Build.0 = Debug|Any CPU
		{1509AADC-121A-4679-9719-5B21D7B82E79}.Release|Any CPU.ActiveCfg = Release|Any CPU
		{1509AADC-121A-4679-9719-5B21D7B82E79}.Release|Any CPU.Build.0 = Release|Any CPU
		{7898C3E8-1DA7-48D6-A2CE-630517CCF5D2}.Debug|Any CPU.ActiveCfg = Debug|Any CPU
		{7898C3E8-1DA7-48D6-A2CE-630517CCF5D2}.Debug|Any CPU.Build.0 = Debug|Any CPU
		{7898C3E8-1DA7-48D6-A2CE-630517CCF5D2}.Release|Any CPU.ActiveCfg = Release|Any CPU
		{7898C3E8-1DA7-48D6-A2CE-630517CCF5D2}.Release|Any CPU.Build.0 = Release|Any CPU
	EndGlobalSection
	GlobalSection(SolutionProperties) = preSolution
		HideSolutionNode = FALSE
	EndGlobalSection
	GlobalSection(ExtensibilityGlobals) = postSolution
		SolutionGuid = {035D47AF-AC11-4A1D-80DE-98F7F237C4CD}
	EndGlobalSection
EndGlobal
