
Microsoft Visual Studio Solution File, Format Version 12.00
# Visual Studio Version 17
VisualStudioVersion = 17.13.35825.156 d17.13
MinimumVisualStudioVersion = 10.0.40219.1
Project("{FAE04EC0-301F-11D3-BF4B-00C04F79EFBC}") = "QLSV_DBFirst", "QLSV_DBFirst\QLSV_DBFirst.csproj", "{B5666091-5296-4381-9DC3-952776E9394D}"
EndProject
Global
	GlobalSection(SolutionConfigurationPlatforms) = preSolution
		Debug|Any CPU = Debug|Any CPU
		Release|Any CPU = Release|Any CPU
	EndGlobalSection
	GlobalSection(ProjectConfigurationPlatforms) = postSolution
		{B5666091-5296-4381-9DC3-952776E9394D}.Debug|Any CPU.ActiveCfg = Debug|Any CPU
		{B5666091-5296-4381-9DC3-952776E9394D}.Debug|Any CPU.Build.0 = Debug|Any CPU
		{B5666091-5296-4381-9DC3-952776E9394D}.Release|Any CPU.ActiveCfg = Release|Any CPU
		{B5666091-5296-4381-9DC3-952776E9394D}.Release|Any CPU.Build.0 = Release|Any CPU
	EndGlobalSection
	GlobalSection(SolutionProperties) = preSolution
		HideSolutionNode = FALSE
	EndGlobalSection
	GlobalSection(ExtensibilityGlobals) = postSolution
		SolutionGuid = {AEA4CD21-3D1A-4BA7-AD43-B2F6DA423DDA}
	EndGlobalSection
EndGlobal
