
Microsoft Visual Studio Solution File, Format Version 12.00
# Visual Studio Version 16
VisualStudioVersion = 16.0.32602.291
MinimumVisualStudioVersion = 10.0.40219.1
Project("{FAE04EC0-301F-11D3-BF4B-00C04F79EFBC}") = "Bai1", "Bai1\Bai1.csproj", "{0FCF7D20-42B7-49C4-8A54-9353BC90DBB9}"
EndProject
Project("{FAE04EC0-301F-11D3-BF4B-00C04F79EFBC}") = "StudentManagement", "StudentManagement\StudentManagement.csproj", "{442D940D-6EDE-4B27-914A-30C0D42C1920}"
EndProject
Project("{FAE04EC0-301F-11D3-BF4B-00C04F79EFBC}") = "Bai2", "Bai2\Bai2.csproj", "{517BBF74-8C75-4F1E-91D1-9FE629489011}"
EndProject
Global
	GlobalSection(SolutionConfigurationPlatforms) = preSolution
		Debug|Any CPU = Debug|Any CPU
		Release|Any CPU = Release|Any CPU
	EndGlobalSection
	GlobalSection(ProjectConfigurationPlatforms) = postSolution
		{0FCF7D20-42B7-49C4-8A54-9353BC90DBB9}.Debug|Any CPU.ActiveCfg = Debug|Any CPU
		{0FCF7D20-42B7-49C4-8A54-9353BC90DBB9}.Debug|Any CPU.Build.0 = Debug|Any CPU
		{0FCF7D20-42B7-49C4-8A54-9353BC90DBB9}.Release|Any CPU.ActiveCfg = Release|Any CPU
		{0FCF7D20-42B7-49C4-8A54-9353BC90DBB9}.Release|Any CPU.Build.0 = Release|Any CPU
		{442D940D-6EDE-4B27-914A-30C0D42C1920}.Debug|Any CPU.ActiveCfg = Debug|Any CPU
		{442D940D-6EDE-4B27-914A-30C0D42C1920}.Debug|Any CPU.Build.0 = Debug|Any CPU
		{442D940D-6EDE-4B27-914A-30C0D42C1920}.Release|Any CPU.ActiveCfg = Release|Any CPU
		{442D940D-6EDE-4B27-914A-30C0D42C1920}.Release|Any CPU.Build.0 = Release|Any CPU
		{517BBF74-8C75-4F1E-91D1-9FE629489011}.Debug|Any CPU.ActiveCfg = Debug|Any CPU
		{517BBF74-8C75-4F1E-91D1-9FE629489011}.Debug|Any CPU.Build.0 = Debug|Any CPU
		{517BBF74-8C75-4F1E-91D1-9FE629489011}.Release|Any CPU.ActiveCfg = Release|Any CPU
		{517BBF74-8C75-4F1E-91D1-9FE629489011}.Release|Any CPU.Build.0 = Release|Any CPU
	EndGlobalSection
	GlobalSection(SolutionProperties) = preSolution
		HideSolutionNode = FALSE
	EndGlobalSection
	GlobalSection(ExtensibilityGlobals) = postSolution
		SolutionGuid = {292D6FDA-E647-4DD5-A507-C0748AABADB7}
	EndGlobalSection
EndGlobal
